
Microsoft Visual Studio Solution File, Format Version 12.00
# Visual Studio Version 17
VisualStudioVersion = 17.6.33829.357
MinimumVisualStudioVersion = 10.0.40219.1
Project("{FAE04EC0-301F-11D3-BF4B-00C04F79EFBC}") = "Merge-Sort-Algorithm", "Merge-Sort-Algorithm\Merge-Sort-Algorithm.csproj", "{D241ED10-E493-45CA-ADEE-45FCF127A309}"
EndProject
Global
	GlobalSection(SolutionConfigurationPlatforms) = preSolution
		Debug|Any CPU = Debug|Any CPU
		Release|Any CPU = Release|Any CPU
	EndGlobalSection
	GlobalSection(ProjectConfigurationPlatforms) = postSolution
		{D241ED10-E493-45CA-ADEE-45FCF127A309}.Debug|Any CPU.ActiveCfg = Debug|Any CPU
		{D241ED10-E493-45CA-ADEE-45FCF127A309}.Debug|Any CPU.Build.0 = Debug|Any CPU
		{D241ED10-E493-45CA-ADEE-45FCF127A309}.Release|Any CPU.ActiveCfg = Release|Any CPU
		{D241ED10-E493-45CA-ADEE-45FCF127A309}.Release|Any CPU.Build.0 = Release|Any CPU
	EndGlobalSection
	GlobalSection(SolutionProperties) = preSolution
		HideSolutionNode = FALSE
	EndGlobalSection
	GlobalSection(ExtensibilityGlobals) = postSolution
		SolutionGuid = {689DC0B1-9FA4-4ECE-9B18-5B16185DEBE3}
	EndGlobalSection
EndGlobal
