
Microsoft Visual Studio Solution File, Format Version 12.00
# Visual Studio Version 17
VisualStudioVersion = 17.6.33829.357
MinimumVisualStudioVersion = 10.0.40219.1
Project("{FAE04EC0-301F-11D3-BF4B-00C04F79EFBC}") = "Binary-Search-Algorithm", "Binary-Search-Algorithm\Binary-Search-Algorithm.csproj", "{C906272F-8B6D-4F95-8EA3-41EAB89BE59E}"
EndProject
Global
	GlobalSection(SolutionConfigurationPlatforms) = preSolution
		Debug|Any CPU = Debug|Any CPU
		Release|Any CPU = Release|Any CPU
	EndGlobalSection
	GlobalSection(ProjectConfigurationPlatforms) = postSolution
		{C906272F-8B6D-4F95-8EA3-41EAB89BE59E}.Debug|Any CPU.ActiveCfg = Debug|Any CPU
		{C906272F-8B6D-4F95-8EA3-41EAB89BE59E}.Debug|Any CPU.Build.0 = Debug|Any CPU
		{C906272F-8B6D-4F95-8EA3-41EAB89BE59E}.Release|Any CPU.ActiveCfg = Release|Any CPU
		{C906272F-8B6D-4F95-8EA3-41EAB89BE59E}.Release|Any CPU.Build.0 = Release|Any CPU
	EndGlobalSection
	GlobalSection(SolutionProperties) = preSolution
		HideSolutionNode = FALSE
	EndGlobalSection
	GlobalSection(ExtensibilityGlobals) = postSolution
		SolutionGuid = {DE186E24-4949-4E42-93CB-484DC15A374C}
	EndGlobalSection
EndGlobal
