
Microsoft Visual Studio Solution File, Format Version 12.00
# Visual Studio Version 17
VisualStudioVersion = 17.6.33829.357
MinimumVisualStudioVersion = 10.0.40219.1
Project("{FAE04EC0-301F-11D3-BF4B-00C04F79EFBC}") = "Bubble-Sort-Algorithm", "Bubble-Sort-Algorithm\Bubble-Sort-Algorithm.csproj", "{AFCE5974-4F54-40F2-943D-27A180FA1FC0}"
EndProject
Global
	GlobalSection(SolutionConfigurationPlatforms) = preSolution
		Debug|Any CPU = Debug|Any CPU
		Release|Any CPU = Release|Any CPU
	EndGlobalSection
	GlobalSection(ProjectConfigurationPlatforms) = postSolution
		{AFCE5974-4F54-40F2-943D-27A180FA1FC0}.Debug|Any CPU.ActiveCfg = Debug|Any CPU
		{AFCE5974-4F54-40F2-943D-27A180FA1FC0}.Debug|Any CPU.Build.0 = Debug|Any CPU
		{AFCE5974-4F54-40F2-943D-27A180FA1FC0}.Release|Any CPU.ActiveCfg = Release|Any CPU
		{AFCE5974-4F54-40F2-943D-27A180FA1FC0}.Release|Any CPU.Build.0 = Release|Any CPU
	EndGlobalSection
	GlobalSection(SolutionProperties) = preSolution
		HideSolutionNode = FALSE
	EndGlobalSection
	GlobalSection(ExtensibilityGlobals) = postSolution
		SolutionGuid = {14C821C3-14CC-4C16-8C10-C436B5E76C2A}
	EndGlobalSection
EndGlobal
